
Microsoft Visual Studio Solution File, Format Version 12.00
# Visual Studio 14
VisualStudioVersion = 14.0.24720.0
MinimumVisualStudioVersion = 10.0.40219.1
Project("{FAE04EC0-301F-11D3-BF4B-00C04F79EFBC}") = "FewMainDiamond", "FewMainDiamond\FewMainDiamond.csproj", "{0D9713D4-024E-440A-AA31-25FC77ED67EB}"
EndProject
Project("{FAE04EC0-301F-11D3-BF4B-00C04F79EFBC}") = "FewMainDiamond.Mobile", "FewMainDiamond.Mobile\FewMainDiamond.Mobile.csproj", "{FF42DAEA-2324-4BBE-B9F2-E94CB2E0EFC5}"
EndProject
Project("{2150E333-8FDC-42A3-9474-1A3956D46DE8}") = "FewMain.Web", "FewMain.Web", "{6E73777D-50F2-43E8-AC1A-FD767E3FE939}"
EndProject
Project("{2150E333-8FDC-42A3-9474-1A3956D46DE8}") = "FewMain.Repository", "FewMain.Repository", "{846FDE1C-FFD7-4B15-B21D-3F907DB500FE}"
EndProject
Project("{2150E333-8FDC-42A3-9474-1A3956D46DE8}") = "FewMain.Service", "FewMain.Service", "{56BE6185-9921-4C07-98F2-76A21BBC0D00}"
EndProject
Project("{2150E333-8FDC-42A3-9474-1A3956D46DE8}") = "FewMain.WebHelper", "FewMain.WebHelper", "{A1FB6341-3A34-4D97-8D61-01493A1E5B72}"
EndProject
Project("{2150E333-8FDC-42A3-9474-1A3956D46DE8}") = "FewMain.Common", "FewMain.Common", "{ABF69DEF-EA47-492E-82EE-2F382F110F2D}"
EndProject
Project("{2150E333-8FDC-42A3-9474-1A3956D46DE8}") = "FewMain.Model", "FewMain.Model", "{FC08B04C-2017-444F-B6DD-33288637055F}"
EndProject
Project("{FAE04EC0-301F-11D3-BF4B-00C04F79EFBC}") = "FewMain.WebHelper", "FewMain.WebHelper\FewMain.WebHelper.csproj", "{AFC5DE17-7634-4D45-A260-C831DA54CBA8}"
EndProject
Project("{FAE04EC0-301F-11D3-BF4B-00C04F79EFBC}") = "FewMain.Common", "FewMain.Common\FewMain.Common.csproj", "{34EB5EE2-0CFE-4F8E-88C1-3818D4B6E4ED}"
EndProject
Project("{FAE04EC0-301F-11D3-BF4B-00C04F79EFBC}") = "FewMain.IService", "FewMain.IService\FewMain.IService.csproj", "{979A2802-C663-41D8-81AE-C66F37AF981D}"
EndProject
Project("{FAE04EC0-301F-11D3-BF4B-00C04F79EFBC}") = "FewMain.Service", "FewMain.Service\FewMain.Service.csproj", "{076258A7-F3EB-4D0C-8B53-1069C54500AE}"
EndProject
Project("{FAE04EC0-301F-11D3-BF4B-00C04F79EFBC}") = "FewMain.IRepository", "FewMain.IRepository\FewMain.IRepository.csproj", "{05039ADD-992E-412D-81F1-8120B2B6A593}"
EndProject
Project("{FAE04EC0-301F-11D3-BF4B-00C04F79EFBC}") = "FewMain.Repository", "FewMain.Repository\FewMain.Repository.csproj", "{1111800D-A2D8-4ED2-B2F4-C3653B3E9105}"
EndProject
Project("{2150E333-8FDC-42A3-9474-1A3956D46DE8}") = "FewMain.Controller", "FewMain.Controller", "{4B40107B-5930-41E8-9EA5-84671632FC0E}"
EndProject
Project("{FAE04EC0-301F-11D3-BF4B-00C04F79EFBC}") = "FewMain.Controller", "FewMain.Controller\FewMain.Controller.csproj", "{A6DF90B3-4E91-41A9-BE23-DD7CD5A19583}"
EndProject
Project("{FAE04EC0-301F-11D3-BF4B-00C04F79EFBC}") = "FewMain.Model", "FewMain.Model\FewMain.Model.csproj", "{91A84AFF-8124-481E-9D63-D150ADA65DDB}"
EndProject
Project("{FAE04EC0-301F-11D3-BF4B-00C04F79EFBC}") = "FewMainDiamond.Mall", "FewMainDiamond.Mall\FewMainDiamond.Mall.csproj", "{46C815D0-82A1-4340-8D4D-80B557866241}"
EndProject
Project("{FAE04EC0-301F-11D3-BF4B-00C04F79EFBC}") = "FewMainDiamond.Platform", "FewMainDiamond.Platform\FewMainDiamond.Platform.csproj", "{38E7E3E6-19C2-4A0E-BCA9-5159576E93A0}"
EndProject
Global
	GlobalSection(SolutionConfigurationPlatforms) = preSolution
		Debug|Any CPU = Debug|Any CPU
		Release|Any CPU = Release|Any CPU
	EndGlobalSection
	GlobalSection(ProjectConfigurationPlatforms) = postSolution
		{0D9713D4-024E-440A-AA31-25FC77ED67EB}.Debug|Any CPU.ActiveCfg = Debug|Any CPU
		{0D9713D4-024E-440A-AA31-25FC77ED67EB}.Debug|Any CPU.Build.0 = Debug|Any CPU
		{0D9713D4-024E-440A-AA31-25FC77ED67EB}.Release|Any CPU.ActiveCfg = Release|Any CPU
		{0D9713D4-024E-440A-AA31-25FC77ED67EB}.Release|Any CPU.Build.0 = Release|Any CPU
		{FF42DAEA-2324-4BBE-B9F2-E94CB2E0EFC5}.Debug|Any CPU.ActiveCfg = Debug|Any CPU
		{FF42DAEA-2324-4BBE-B9F2-E94CB2E0EFC5}.Debug|Any CPU.Build.0 = Debug|Any CPU
		{FF42DAEA-2324-4BBE-B9F2-E94CB2E0EFC5}.Release|Any CPU.ActiveCfg = Release|Any CPU
		{FF42DAEA-2324-4BBE-B9F2-E94CB2E0EFC5}.Release|Any CPU.Build.0 = Release|Any CPU
		{AFC5DE17-7634-4D45-A260-C831DA54CBA8}.Debug|Any CPU.ActiveCfg = Debug|Any CPU
		{AFC5DE17-7634-4D45-A260-C831DA54CBA8}.Debug|Any CPU.Build.0 = Debug|Any CPU
		{AFC5DE17-7634-4D45-A260-C831DA54CBA8}.Release|Any CPU.ActiveCfg = Release|Any CPU
		{AFC5DE17-7634-4D45-A260-C831DA54CBA8}.Release|Any CPU.Build.0 = Release|Any CPU
		{34EB5EE2-0CFE-4F8E-88C1-3818D4B6E4ED}.Debug|Any CPU.ActiveCfg = Debug|Any CPU
		{34EB5EE2-0CFE-4F8E-88C1-3818D4B6E4ED}.Debug|Any CPU.Build.0 = Debug|Any CPU
		{34EB5EE2-0CFE-4F8E-88C1-3818D4B6E4ED}.Release|Any CPU.ActiveCfg = Release|Any CPU
		{34EB5EE2-0CFE-4F8E-88C1-3818D4B6E4ED}.Release|Any CPU.Build.0 = Release|Any CPU
		{979A2802-C663-41D8-81AE-C66F37AF981D}.Debug|Any CPU.ActiveCfg = Debug|Any CPU
		{979A2802-C663-41D8-81AE-C66F37AF981D}.Debug|Any CPU.Build.0 = Debug|Any CPU
		{979A2802-C663-41D8-81AE-C66F37AF981D}.Release|Any CPU.ActiveCfg = Release|Any CPU
		{979A2802-C663-41D8-81AE-C66F37AF981D}.Release|Any CPU.Build.0 = Release|Any CPU
		{076258A7-F3EB-4D0C-8B53-1069C54500AE}.Debug|Any CPU.ActiveCfg = Debug|Any CPU
		{076258A7-F3EB-4D0C-8B53-1069C54500AE}.Debug|Any CPU.Build.0 = Debug|Any CPU
		{076258A7-F3EB-4D0C-8B53-1069C54500AE}.Release|Any CPU.ActiveCfg = Release|Any CPU
		{076258A7-F3EB-4D0C-8B53-1069C54500AE}.Release|Any CPU.Build.0 = Release|Any CPU
		{05039ADD-992E-412D-81F1-8120B2B6A593}.Debug|Any CPU.ActiveCfg = Debug|Any CPU
		{05039ADD-992E-412D-81F1-8120B2B6A593}.Debug|Any CPU.Build.0 = Debug|Any CPU
		{05039ADD-992E-412D-81F1-8120B2B6A593}.Release|Any CPU.ActiveCfg = Release|Any CPU
		{05039ADD-992E-412D-81F1-8120B2B6A593}.Release|Any CPU.Build.0 = Release|Any CPU
		{1111800D-A2D8-4ED2-B2F4-C3653B3E9105}.Debug|Any CPU.ActiveCfg = Debug|Any CPU
		{1111800D-A2D8-4ED2-B2F4-C3653B3E9105}.Debug|Any CPU.Build.0 = Debug|Any CPU
		{1111800D-A2D8-4ED2-B2F4-C3653B3E9105}.Release|Any CPU.ActiveCfg = Release|Any CPU
		{1111800D-A2D8-4ED2-B2F4-C3653B3E9105}.Release|Any CPU.Build.0 = Release|Any CPU
		{A6DF90B3-4E91-41A9-BE23-DD7CD5A19583}.Debug|Any CPU.ActiveCfg = Debug|Any CPU
		{A6DF90B3-4E91-41A9-BE23-DD7CD5A19583}.Debug|Any CPU.Build.0 = Debug|Any CPU
		{A6DF90B3-4E91-41A9-BE23-DD7CD5A19583}.Release|Any CPU.ActiveCfg = Release|Any CPU
		{A6DF90B3-4E91-41A9-BE23-DD7CD5A19583}.Release|Any CPU.Build.0 = Release|Any CPU
		{91A84AFF-8124-481E-9D63-D150ADA65DDB}.Debug|Any CPU.ActiveCfg = Debug|Any CPU
		{91A84AFF-8124-481E-9D63-D150ADA65DDB}.Debug|Any CPU.Build.0 = Debug|Any CPU
		{91A84AFF-8124-481E-9D63-D150ADA65DDB}.Release|Any CPU.ActiveCfg = Release|Any CPU
		{91A84AFF-8124-481E-9D63-D150ADA65DDB}.Release|Any CPU.Build.0 = Release|Any CPU
		{46C815D0-82A1-4340-8D4D-80B557866241}.Debug|Any CPU.ActiveCfg = Debug|Any CPU
		{46C815D0-82A1-4340-8D4D-80B557866241}.Debug|Any CPU.Build.0 = Debug|Any CPU
		{46C815D0-82A1-4340-8D4D-80B557866241}.Release|Any CPU.ActiveCfg = Release|Any CPU
		{46C815D0-82A1-4340-8D4D-80B557866241}.Release|Any CPU.Build.0 = Release|Any CPU
		{38E7E3E6-19C2-4A0E-BCA9-5159576E93A0}.Debug|Any CPU.ActiveCfg = Debug|Any CPU
		{38E7E3E6-19C2-4A0E-BCA9-5159576E93A0}.Debug|Any CPU.Build.0 = Debug|Any CPU
		{38E7E3E6-19C2-4A0E-BCA9-5159576E93A0}.Release|Any CPU.ActiveCfg = Release|Any CPU
		{38E7E3E6-19C2-4A0E-BCA9-5159576E93A0}.Release|Any CPU.Build.0 = Release|Any CPU
	EndGlobalSection
	GlobalSection(SolutionProperties) = preSolution
		HideSolutionNode = FALSE
	EndGlobalSection
	GlobalSection(NestedProjects) = preSolution
		{0D9713D4-024E-440A-AA31-25FC77ED67EB} = {6E73777D-50F2-43E8-AC1A-FD767E3FE939}
		{FF42DAEA-2324-4BBE-B9F2-E94CB2E0EFC5} = {6E73777D-50F2-43E8-AC1A-FD767E3FE939}
		{AFC5DE17-7634-4D45-A260-C831DA54CBA8} = {A1FB6341-3A34-4D97-8D61-01493A1E5B72}
		{34EB5EE2-0CFE-4F8E-88C1-3818D4B6E4ED} = {ABF69DEF-EA47-492E-82EE-2F382F110F2D}
		{979A2802-C663-41D8-81AE-C66F37AF981D} = {56BE6185-9921-4C07-98F2-76A21BBC0D00}
		{076258A7-F3EB-4D0C-8B53-1069C54500AE} = {56BE6185-9921-4C07-98F2-76A21BBC0D00}
		{05039ADD-992E-412D-81F1-8120B2B6A593} = {846FDE1C-FFD7-4B15-B21D-3F907DB500FE}
		{1111800D-A2D8-4ED2-B2F4-C3653B3E9105} = {846FDE1C-FFD7-4B15-B21D-3F907DB500FE}
		{A6DF90B3-4E91-41A9-BE23-DD7CD5A19583} = {4B40107B-5930-41E8-9EA5-84671632FC0E}
		{91A84AFF-8124-481E-9D63-D150ADA65DDB} = {FC08B04C-2017-444F-B6DD-33288637055F}
		{46C815D0-82A1-4340-8D4D-80B557866241} = {6E73777D-50F2-43E8-AC1A-FD767E3FE939}
		{38E7E3E6-19C2-4A0E-BCA9-5159576E93A0} = {6E73777D-50F2-43E8-AC1A-FD767E3FE939}
	EndGlobalSection
EndGlobal
